// !$*UTF8*$!
{
	archiveVersion = 1;
	classes = {
	};
	objectVersion = 46;
	objects = {

/* Begin PBXBuildFile section */
		03DA20E51E8CECF90043EF46 /* PropertyKnob.swift in Sources */ = {isa = PBXBuildFile; fileRef = 03DA20E41E8CECF90043EF46 /* PropertyKnob.swift */; };
		03DA20E71E8CF0930043EF46 /* PropertyKnob.xib in Resources */ = {isa = PBXBuildFile; fileRef = 03DA20E61E8CF0930043EF46 /* PropertyKnob.xib */; };
		03DA20E91E8D01390043EF46 /* NibInstatiator.swift in Sources */ = {isa = PBXBuildFile; fileRef = 03DA20E81E8D01390043EF46 /* NibInstatiator.swift */; };
		03DA20EF1E8D2C8A0043EF46 /* MHRotaryKnob.m in Sources */ = {isa = PBXBuildFile; fileRef = 03DA20EE1E8D2C8A0043EF46 /* MHRotaryKnob.m */; };
		03DA20F71E8D3A940043EF46 /* PropertyKnobDelegate.swift in Sources */ = {isa = PBXBuildFile; fileRef = 03DA20F61E8D3A940043EF46 /* PropertyKnobDelegate.swift */; };
		03DA20FB1E8D58090043EF46 /* ReverbViewController.swift in Sources */ = {isa = PBXBuildFile; fileRef = 03DA20FA1E8D58090043EF46 /* ReverbViewController.swift */; };
		03DA20FD1E8D58220043EF46 /* RackViewController.swift in Sources */ = {isa = PBXBuildFile; fileRef = 03DA20FC1E8D58220043EF46 /* RackViewController.swift */; };
		03DA20FF1E8D59860043EF46 /* EffectViewController.swift in Sources */ = {isa = PBXBuildFile; fileRef = 03DA20FE1E8D59860043EF46 /* EffectViewController.swift */; };
		03DF71511E8BE3F70058F621 /* AppDelegate.swift in Sources */ = {isa = PBXBuildFile; fileRef = 03DF71501E8BE3F70058F621 /* AppDelegate.swift */; };
		03DF71531E8BE3F70058F621 /* DelayViewController.swift in Sources */ = {isa = PBXBuildFile; fileRef = 03DF71521E8BE3F70058F621 /* DelayViewController.swift */; };
		03DF71561E8BE3F70058F621 /* Main.storyboard in Resources */ = {isa = PBXBuildFile; fileRef = 03DF71541E8BE3F70058F621 /* Main.storyboard */; };
		03DF71581E8BE3F70058F621 /* Assets.xcassets in Resources */ = {isa = PBXBuildFile; fileRef = 03DF71571E8BE3F70058F621 /* Assets.xcassets */; };
		03DF715B1E8BE3F70058F621 /* LaunchScreen.storyboard in Resources */ = {isa = PBXBuildFile; fileRef = 03DF71591E8BE3F70058F621 /* LaunchScreen.storyboard */; };
		03DF71671E8BE44B0058F621 /* AudioKit.framework in Frameworks */ = {isa = PBXBuildFile; fileRef = 03DF71661E8BE44B0058F621 /* AudioKit.framework */; };
		03DF71681E8BE44B0058F621 /* AudioKit.framework in Embed Frameworks */ = {isa = PBXBuildFile; fileRef = 03DF71661E8BE44B0058F621 /* AudioKit.framework */; settings = {ATTRIBUTES = (CodeSignOnCopy, RemoveHeadersOnCopy, ); }; };
/* End PBXBuildFile section */

/* Begin PBXCopyFilesBuildPhase section */
		03DF71691E8BE44B0058F621 /* Embed Frameworks */ = {
			isa = PBXCopyFilesBuildPhase;
			buildActionMask = 2147483647;
			dstPath = "";
			dstSubfolderSpec = 10;
			files = (
				03DF71681E8BE44B0058F621 /* AudioKit.framework in Embed Frameworks */,
			);
			name = "Embed Frameworks";
			runOnlyForDeploymentPostprocessing = 0;
		};
/* End PBXCopyFilesBuildPhase section */

/* Begin PBXFileReference section */
		03DA20E41E8CECF90043EF46 /* PropertyKnob.swift */ = {isa = PBXFileReference; fileEncoding = 4; lastKnownFileType = sourcecode.swift; path = PropertyKnob.swift; sourceTree = "<group>"; };
		03DA20E61E8CF0930043EF46 /* PropertyKnob.xib */ = {isa = PBXFileReference; fileEncoding = 4; lastKnownFileType = file.xib; path = PropertyKnob.xib; sourceTree = "<group>"; };
		03DA20E81E8D01390043EF46 /* NibInstatiator.swift */ = {isa = PBXFileReference; fileEncoding = 4; lastKnownFileType = sourcecode.swift; path = NibInstatiator.swift; sourceTree = "<group>"; };
		03DA20ED1E8D2C8A0043EF46 /* MHRotaryKnob.h */ = {isa = PBXFileReference; fileEncoding = 4; lastKnownFileType = sourcecode.c.h; path = MHRotaryKnob.h; sourceTree = "<group>"; };
		03DA20EE1E8D2C8A0043EF46 /* MHRotaryKnob.m */ = {isa = PBXFileReference; fileEncoding = 4; lastKnownFileType = sourcecode.c.objc; path = MHRotaryKnob.m; sourceTree = "<group>"; };
		03DA20F21E8D2CE30043EF46 /* EffectRack-Bridging-Header.h */ = {isa = PBXFileReference; lastKnownFileType = sourcecode.c.h; path = "EffectRack-Bridging-Header.h"; sourceTree = "<group>"; };
		03DA20F61E8D3A940043EF46 /* PropertyKnobDelegate.swift */ = {isa = PBXFileReference; fileEncoding = 4; lastKnownFileType = sourcecode.swift; path = PropertyKnobDelegate.swift; sourceTree = "<group>"; };
		03DA20FA1E8D58090043EF46 /* ReverbViewController.swift */ = {isa = PBXFileReference; fileEncoding = 4; lastKnownFileType = sourcecode.swift; path = ReverbViewController.swift; sourceTree = "<group>"; };
		03DA20FC1E8D58220043EF46 /* RackViewController.swift */ = {isa = PBXFileReference; fileEncoding = 4; lastKnownFileType = sourcecode.swift; path = RackViewController.swift; sourceTree = "<group>"; };
		03DA20FE1E8D59860043EF46 /* EffectViewController.swift */ = {isa = PBXFileReference; fileEncoding = 4; lastKnownFileType = sourcecode.swift; path = EffectViewController.swift; sourceTree = "<group>"; };
		03DF714D1E8BE3F70058F621 /* EffectRack.app */ = {isa = PBXFileReference; explicitFileType = wrapper.application; includeInIndex = 0; path = EffectRack.app; sourceTree = BUILT_PRODUCTS_DIR; };
		03DF71501E8BE3F70058F621 /* AppDelegate.swift */ = {isa = PBXFileReference; lastKnownFileType = sourcecode.swift; path = AppDelegate.swift; sourceTree = "<group>"; };
		03DF71521E8BE3F70058F621 /* DelayViewController.swift */ = {isa = PBXFileReference; lastKnownFileType = sourcecode.swift; path = DelayViewController.swift; sourceTree = "<group>"; };
		03DF71551E8BE3F70058F621 /* Base */ = {isa = PBXFileReference; lastKnownFileType = file.storyboard; name = Base; path = Base.lproj/Main.storyboard; sourceTree = "<group>"; };
		03DF71571E8BE3F70058F621 /* Assets.xcassets */ = {isa = PBXFileReference; lastKnownFileType = folder.assetcatalog; path = Assets.xcassets; sourceTree = "<group>"; };
		03DF715A1E8BE3F70058F621 /* Base */ = {isa = PBXFileReference; lastKnownFileType = file.storyboard; name = Base; path = Base.lproj/LaunchScreen.storyboard; sourceTree = "<group>"; };
		03DF715C1E8BE3F70058F621 /* Info.plist */ = {isa = PBXFileReference; lastKnownFileType = text.plist.xml; path = Info.plist; sourceTree = "<group>"; };
		03DF71661E8BE44B0058F621 /* AudioKit.framework */ = {isa = PBXFileReference; lastKnownFileType = wrapper.framework; path = AudioKit.framework; sourceTree = "<group>"; };
/* End PBXFileReference section */

/* Begin PBXFrameworksBuildPhase section */
		03DF714A1E8BE3F70058F621 /* Frameworks */ = {
			isa = PBXFrameworksBuildPhase;
			buildActionMask = 2147483647;
			files = (
				03DF71671E8BE44B0058F621 /* AudioKit.framework in Frameworks */,
			);
			runOnlyForDeploymentPostprocessing = 0;
		};
/* End PBXFrameworksBuildPhase section */

/* Begin PBXGroup section */
		03DA20EC1E8D2C8A0043EF46 /* MHRotaryKnob */ = {
			isa = PBXGroup;
			children = (
				03DA20ED1E8D2C8A0043EF46 /* MHRotaryKnob.h */,
				03DA20EE1E8D2C8A0043EF46 /* MHRotaryKnob.m */,
			);
			path = MHRotaryKnob;
			sourceTree = "<group>";
		};
		03DA20F31E8D34960043EF46 /* Frameworks */ = {
			isa = PBXGroup;
			children = (
				03DF71661E8BE44B0058F621 /* AudioKit.framework */,
			);
			name = Frameworks;
			sourceTree = "<group>";
		};
		03DA20F81E8D3CDF0043EF46 /* Classes */ = {
			isa = PBXGroup;
			children = (
				03DF71501E8BE3F70058F621 /* AppDelegate.swift */,
				03DF71521E8BE3F70058F621 /* DelayViewController.swift */,
				03DA20E41E8CECF90043EF46 /* PropertyKnob.swift */,
				03DA20E81E8D01390043EF46 /* NibInstatiator.swift */,
				03DA20F61E8D3A940043EF46 /* PropertyKnobDelegate.swift */,
				03DA20FA1E8D58090043EF46 /* ReverbViewController.swift */,
				03DA20FC1E8D58220043EF46 /* RackViewController.swift */,
				03DA20FE1E8D59860043EF46 /* EffectViewController.swift */,
			);
			name = Classes;
			sourceTree = "<group>";
		};
		03DA20F91E8D3CF30043EF46 /* Interface */ = {
			isa = PBXGroup;
			children = (
				03DF71541E8BE3F70058F621 /* Main.storyboard */,
				03DA20E61E8CF0930043EF46 /* PropertyKnob.xib */,
			);
			name = Interface;
			sourceTree = "<group>";
		};
		03DF71441E8BE3F70058F621 = {
			isa = PBXGroup;
			children = (
				03DF714F1E8BE3F70058F621 /* EffectRack */,
				03DF714E1E8BE3F70058F621 /* Products */,
				03DA20F31E8D34960043EF46 /* Frameworks */,
			);
			sourceTree = "<group>";
		};
		03DF714E1E8BE3F70058F621 /* Products */ = {
			isa = PBXGroup;
			children = (
				03DF714D1E8BE3F70058F621 /* EffectRack.app */,
			);
			name = Products;
			sourceTree = "<group>";
		};
		03DF714F1E8BE3F70058F621 /* EffectRack */ = {
			isa = PBXGroup;
			children = (
				03DA20F91E8D3CF30043EF46 /* Interface */,
				03DA20F81E8D3CDF0043EF46 /* Classes */,
				03DF71571E8BE3F70058F621 /* Assets.xcassets */,
				03DF71591E8BE3F70058F621 /* LaunchScreen.storyboard */,
				03DF715C1E8BE3F70058F621 /* Info.plist */,
				03DA20EC1E8D2C8A0043EF46 /* MHRotaryKnob */,
				03DA20F21E8D2CE30043EF46 /* EffectRack-Bridging-Header.h */,
			);
			path = EffectRack;
			sourceTree = "<group>";
		};
/* End PBXGroup section */

/* Begin PBXNativeTarget section */
		03DF714C1E8BE3F70058F621 /* EffectRack */ = {
			isa = PBXNativeTarget;
			buildConfigurationList = 03DF715F1E8BE3F70058F621 /* Build configuration list for PBXNativeTarget "EffectRack" */;
			buildPhases = (
				03DF71491E8BE3F70058F621 /* Sources */,
				03DF714A1E8BE3F70058F621 /* Frameworks */,
				03DF714B1E8BE3F70058F621 /* Resources */,
				03DF71691E8BE44B0058F621 /* Embed Frameworks */,
			);
			buildRules = (
			);
			dependencies = (
			);
			name = EffectRack;
			productName = EffectRack;
			productReference = 03DF714D1E8BE3F70058F621 /* EffectRack.app */;
			productType = "com.apple.product-type.application";
		};
/* End PBXNativeTarget section */

/* Begin PBXProject section */
		03DF71451E8BE3F70058F621 /* Project object */ = {
			isa = PBXProject;
			attributes = {
				LastSwiftUpdateCheck = 0830;
				LastUpgradeCheck = 0830;
				ORGANIZATIONNAME = erikalfredsson;
				TargetAttributes = {
					03DF714C1E8BE3F70058F621 = {
						CreatedOnToolsVersion = 8.3;
						DevelopmentTeam = E75LCRR97K;
						ProvisioningStyle = Automatic;
					};
				};
			};
			buildConfigurationList = 03DF71481E8BE3F70058F621 /* Build configuration list for PBXProject "EffectRack" */;
			compatibilityVersion = "Xcode 3.2";
			developmentRegion = English;
			hasScannedForEncodings = 0;
			knownRegions = (
				en,
				Base,
			);
			mainGroup = 03DF71441E8BE3F70058F621;
			productRefGroup = 03DF714E1E8BE3F70058F621 /* Products */;
			projectDirPath = "";
			projectRoot = "";
			targets = (
				03DF714C1E8BE3F70058F621 /* EffectRack */,
			);
		};
/* End PBXProject section */

/* Begin PBXResourcesBuildPhase section */
		03DF714B1E8BE3F70058F621 /* Resources */ = {
			isa = PBXResourcesBuildPhase;
			buildActionMask = 2147483647;
			files = (
				03DA20E71E8CF0930043EF46 /* PropertyKnob.xib in Resources */,
				03DF715B1E8BE3F70058F621 /* LaunchScreen.storyboard in Resources */,
				03DF71581E8BE3F70058F621 /* Assets.xcassets in Resources */,
				03DF71561E8BE3F70058F621 /* Main.storyboard in Resources */,
			);
			runOnlyForDeploymentPostprocessing = 0;
		};
/* End PBXResourcesBuildPhase section */

/* Begin PBXSourcesBuildPhase section */
		03DF71491E8BE3F70058F621 /* Sources */ = {
			isa = PBXSourcesBuildPhase;
			buildActionMask = 2147483647;
			files = (
				03DA20E91E8D01390043EF46 /* NibInstatiator.swift in Sources */,
				03DA20E51E8CECF90043EF46 /* PropertyKnob.swift in Sources */,
				03DF71531E8BE3F70058F621 /* DelayViewController.swift in Sources */,
				03DA20FD1E8D58220043EF46 /* RackViewController.swift in Sources */,
				03DF71511E8BE3F70058F621 /* AppDelegate.swift in Sources */,
				03DA20FB1E8D58090043EF46 /* ReverbViewController.swift in Sources */,
				03DA20F71E8D3A940043EF46 /* PropertyKnobDelegate.swift in Sources */,
				03DA20EF1E8D2C8A0043EF46 /* MHRotaryKnob.m in Sources */,
				03DA20FF1E8D59860043EF46 /* EffectViewController.swift in Sources */,
			);
			runOnlyForDeploymentPostprocessing = 0;
		};
/* End PBXSourcesBuildPhase section */

/* Begin PBXVariantGroup section */
		03DF71541E8BE3F70058F621 /* Main.storyboard */ = {
			isa = PBXVariantGroup;
			children = (
				03DF71551E8BE3F70058F621 /* Base */,
			);
			name = Main.storyboard;
			sourceTree = "<group>";
		};
		03DF71591E8BE3F70058F621 /* LaunchScreen.storyboard */ = {
			isa = PBXVariantGroup;
			children = (
				03DF715A1E8BE3F70058F621 /* Base */,
			);
			name = LaunchScreen.storyboard;
			sourceTree = "<group>";
		};
/* End PBXVariantGroup section */

/* Begin XCBuildConfiguration section */
		03DF715D1E8BE3F70058F621 /* Debug */ = {
			isa = XCBuildConfiguration;
			buildSettings = {
				ALWAYS_SEARCH_USER_PATHS = NO;
				CLANG_ANALYZER_NONNULL = YES;
				CLANG_ANALYZER_NUMBER_OBJECT_CONVERSION = YES_AGGRESSIVE;
				CLANG_CXX_LANGUAGE_STANDARD = "gnu++0x";
				CLANG_CXX_LIBRARY = "libc++";
				CLANG_ENABLE_MODULES = YES;
				CLANG_ENABLE_OBJC_ARC = YES;
				CLANG_WARN_BOOL_CONVERSION = YES;
				CLANG_WARN_CONSTANT_CONVERSION = YES;
				CLANG_WARN_DIRECT_OBJC_ISA_USAGE = YES_ERROR;
				CLANG_WARN_DOCUMENTATION_COMMENTS = YES;
				CLANG_WARN_EMPTY_BODY = YES;
				CLANG_WARN_ENUM_CONVERSION = YES;
				CLANG_WARN_INFINITE_RECURSION = YES;
				CLANG_WARN_INT_CONVERSION = YES;
				CLANG_WARN_OBJC_ROOT_CLASS = YES_ERROR;
				CLANG_WARN_SUSPICIOUS_MOVE = YES;
				CLANG_WARN_UNREACHABLE_CODE = YES;
				CLANG_WARN__DUPLICATE_METHOD_MATCH = YES;
				"CODE_SIGN_IDENTITY[sdk=iphoneos*]" = "iPhone Developer";
				COPY_PHASE_STRIP = NO;
				DEBUG_INFORMATION_FORMAT = dwarf;
				ENABLE_STRICT_OBJC_MSGSEND = YES;
				ENABLE_TESTABILITY = YES;
				GCC_C_LANGUAGE_STANDARD = gnu99;
				GCC_DYNAMIC_NO_PIC = NO;
				GCC_NO_COMMON_BLOCKS = YES;
				GCC_OPTIMIZATION_LEVEL = 0;
				GCC_PREPROCESSOR_DEFINITIONS = (
					"DEBUG=1",
					"$(inherited)",
				);
				GCC_WARN_64_TO_32_BIT_CONVERSION = YES;
				GCC_WARN_ABOUT_RETURN_TYPE = YES_ERROR;
				GCC_WARN_UNDECLARED_SELECTOR = YES;
				GCC_WARN_UNINITIALIZED_AUTOS = YES_AGGRESSIVE;
				GCC_WARN_UNUSED_FUNCTION = YES;
				GCC_WARN_UNUSED_VARIABLE = YES;
				IPHONEOS_DEPLOYMENT_TARGET = 10.3;
				MTL_ENABLE_DEBUG_INFO = YES;
				ONLY_ACTIVE_ARCH = YES;
				SDKROOT = iphoneos;
				SWIFT_ACTIVE_COMPILATION_CONDITIONS = DEBUG;
				SWIFT_OPTIMIZATION_LEVEL = "-Onone";
				TARGETED_DEVICE_FAMILY = "1,2";
			};
			name = Debug;
		};
		03DF715E1E8BE3F70058F621 /* Release */ = {
			isa = XCBuildConfiguration;
			buildSettings = {
				ALWAYS_SEARCH_USER_PATHS = NO;
				CLANG_ANALYZER_NONNULL = YES;
				CLANG_ANALYZER_NUMBER_OBJECT_CONVERSION = YES_AGGRESSIVE;
				CLANG_CXX_LANGUAGE_STANDARD = "gnu++0x";
				CLANG_CXX_LIBRARY = "libc++";
				CLANG_ENABLE_MODULES = YES;
				CLANG_ENABLE_OBJC_ARC = YES;
				CLANG_WARN_BOOL_CONVERSION = YES;
				CLANG_WARN_CONSTANT_CONVERSION = YES;
				CLANG_WARN_DIRECT_OBJC_ISA_USAGE = YES_ERROR;
				CLANG_WARN_DOCUMENTATION_COMMENTS = YES;
				CLANG_WARN_EMPTY_BODY = YES;
				CLANG_WARN_ENUM_CONVERSION = YES;
				CLANG_WARN_INFINITE_RECURSION = YES;
				CLANG_WARN_INT_CONVERSION = YES;
				CLANG_WARN_OBJC_ROOT_CLASS = YES_ERROR;
				CLANG_WARN_SUSPICIOUS_MOVE = YES;
				CLANG_WARN_UNREACHABLE_CODE = YES;
				CLANG_WARN__DUPLICATE_METHOD_MATCH = YES;
				"CODE_SIGN_IDENTITY[sdk=iphoneos*]" = "iPhone Developer";
				COPY_PHASE_STRIP = NO;
				DEBUG_INFORMATION_FORMAT = "dwarf-with-dsym";
				ENABLE_NS_ASSERTIONS = NO;
				ENABLE_STRICT_OBJC_MSGSEND = YES;
				GCC_C_LANGUAGE_STANDARD = gnu99;
				GCC_NO_COMMON_BLOCKS = YES;
				GCC_WARN_64_TO_32_BIT_CONVERSION = YES;
				GCC_WARN_ABOUT_RETURN_TYPE = YES_ERROR;
				GCC_WARN_UNDECLARED_SELECTOR = YES;
				GCC_WARN_UNINITIALIZED_AUTOS = YES_AGGRESSIVE;
				GCC_WARN_UNUSED_FUNCTION = YES;
				GCC_WARN_UNUSED_VARIABLE = YES;
				IPHONEOS_DEPLOYMENT_TARGET = 10.3;
				MTL_ENABLE_DEBUG_INFO = NO;
				SDKROOT = iphoneos;
				SWIFT_OPTIMIZATION_LEVEL = "-Owholemodule";
				TARGETED_DEVICE_FAMILY = "1,2";
				VALIDATE_PRODUCT = YES;
			};
			name = Release;
		};
		03DF71601E8BE3F70058F621 /* Debug */ = {
			isa = XCBuildConfiguration;
			buildSettings = {
				ASSETCATALOG_COMPILER_APPICON_NAME = AppIcon;
				DEVELOPMENT_TEAM = E75LCRR97K;
				FRAMEWORK_SEARCH_PATHS = (
					"$(inherited)",
					"$(PROJECT_DIR)",
				);
				INFOPLIST_FILE = EffectRack/Info.plist;
				IPHONEOS_DEPLOYMENT_TARGET = 10.0;
				LD_RUNPATH_SEARCH_PATHS = "$(inherited) @executable_path/Frameworks";
				PRODUCT_BUNDLE_IDENTIFIER = com.erikalfredsson.EffectRack;
				PRODUCT_NAME = "$(TARGET_NAME)";
				SWIFT_OBJC_BRIDGING_HEADER = "/Users/erikalfredsson/ustwo/EffectRack/EffectRack/EffectRack-Bridging-Header.h";
				SWIFT_VERSION = 3.0;
			};
			name = Debug;
		};
		03DF71611E8BE3F70058F621 /* Release */ = {
			isa = XCBuildConfiguration;
			buildSettings = {
				ASSETCATALOG_COMPILER_APPICON_NAME = AppIcon;
				DEVELOPMENT_TEAM = E75LCRR97K;
				FRAMEWORK_SEARCH_PATHS = (
					"$(inherited)",
					"$(PROJECT_DIR)",
				);
				INFOPLIST_FILE = EffectRack/Info.plist;
				IPHONEOS_DEPLOYMENT_TARGET = 10.0;
				LD_RUNPATH_SEARCH_PATHS = "$(inherited) @executable_path/Frameworks";
				PRODUCT_BUNDLE_IDENTIFIER = com.erikalfredsson.EffectRack;
				PRODUCT_NAME = "$(TARGET_NAME)";
				SWIFT_OBJC_BRIDGING_HEADER = "/Users/erikalfredsson/ustwo/EffectRack/EffectRack/EffectRack-Bridging-Header.h";
				SWIFT_VERSION = 3.0;
			};
			name = Release;
		};
/* End XCBuildConfiguration section */

/* Begin XCConfigurationList section */
		03DF71481E8BE3F70058F621 /* Build configuration list for PBXProject "EffectRack" */ = {
			isa = XCConfigurationList;
			buildConfigurations = (
				03DF715D1E8BE3F70058F621 /* Debug */,
				03DF715E1E8BE3F70058F621 /* Release */,
			);
			defaultConfigurationIsVisible = 0;
			defaultConfigurationName = Release;
		};
		03DF715F1E8BE3F70058F621 /* Build configuration list for PBXNativeTarget "EffectRack" */ = {
			isa = XCConfigurationList;
			buildConfigurations = (
				03DF71601E8BE3F70058F621 /* Debug */,
				03DF71611E8BE3F70058F621 /* Release */,
			);
			defaultConfigurationIsVisible = 0;
			defaultConfigurationName = Release;
		};
/* End XCConfigurationList section */
	};
	rootObject = 03DF71451E8BE3F70058F621 /* Project object */;
}
